
Microsoft Visual Studio Solution File, Format Version 12.00
# Visual Studio 15
VisualStudioVersion = 15.0.27004.2002
MinimumVisualStudioVersion = 10.0.40219.1
Project("{FAE04EC0-301F-11D3-BF4B-00C04F79EFBC}") = "cm", "cm\cm.csproj", "{F8D01241-840A-4890-BE7D-E5BB5C61E2EC}"
EndProject
Global
	GlobalSection(SolutionConfigurationPlatforms) = preSolution
		Debug|Any CPU = Debug|Any CPU
		Release|Any CPU = Release|Any CPU
	EndGlobalSection
	GlobalSection(ProjectConfigurationPlatforms) = postSolution
		{F8D01241-840A-4890-BE7D-E5BB5C61E2EC}.Debug|Any CPU.ActiveCfg = Debug|Any CPU
		{F8D01241-840A-4890-BE7D-E5BB5C61E2EC}.Debug|Any CPU.Build.0 = Debug|Any CPU
		{F8D01241-840A-4890-BE7D-E5BB5C61E2EC}.Release|Any CPU.ActiveCfg = Release|Any CPU
		{F8D01241-840A-4890-BE7D-E5BB5C61E2EC}.Release|Any CPU.Build.0 = Release|Any CPU
	EndGlobalSection
	GlobalSection(SolutionProperties) = preSolution
		HideSolutionNode = FALSE
	EndGlobalSection
	GlobalSection(ExtensibilityGlobals) = postSolution
		SolutionGuid = {6532E9B1-32BD-40A6-953F-424C4F026507}
	EndGlobalSection
EndGlobal
